version = 1
requires-python = ">=3.12"

[[package]]
name = "jericho-fastmcp-server"
version = "0.1.0"
source = { editable = "." }

[package.metadata]
requires-dist = [
    { name = "fastmcp", specifier = ">=0.2.0" },
    { name = "jericho", specifier = ">=3.3.1" },
    { name = "uvicorn", specifier = ">=0.31.0" },
]
